
Microsoft Visual Studio Solution File, Format Version 12.00
# Visual Studio 15
VisualStudioVersion = 15.0.28010.0
MinimumVisualStudioVersion = 10.0.40219.1
Project("{FAE04EC0-301F-11D3-BF4B-00C04F79EFBC}") = "EmporioUP", "EmporioUP\EmporioUP.csproj", "{53B8EA5E-07EF-4E15-9A9B-A71867BAA299}"
EndProject
Global
	GlobalSection(SolutionConfigurationPlatforms) = preSolution
		Debug|Any CPU = Debug|Any CPU
		Release|Any CPU = Release|Any CPU
	EndGlobalSection
	GlobalSection(ProjectConfigurationPlatforms) = postSolution
		{53B8EA5E-07EF-4E15-9A9B-A71867BAA299}.Debug|Any CPU.ActiveCfg = Debug|Any CPU
		{53B8EA5E-07EF-4E15-9A9B-A71867BAA299}.Debug|Any CPU.Build.0 = Debug|Any CPU
		{53B8EA5E-07EF-4E15-9A9B-A71867BAA299}.Release|Any CPU.ActiveCfg = Release|Any CPU
		{53B8EA5E-07EF-4E15-9A9B-A71867BAA299}.Release|Any CPU.Build.0 = Release|Any CPU
	EndGlobalSection
	GlobalSection(SolutionProperties) = preSolution
		HideSolutionNode = FALSE
	EndGlobalSection
	GlobalSection(ExtensibilityGlobals) = postSolution
		SolutionGuid = {CBAF29FD-EA2A-4238-A965-C68C82B0D2F2}
	EndGlobalSection
EndGlobal
